{
  "name": "threejs-project",
  "lockfileVersion": 2,
  "requires": true,
  "packages": {
    "": {
      "dependencies": {
        "three-particle-fire": "^0.0.0"
      }
    },
    "node_modules/three-particle-fire": {
      "version": "0.0.0",
      "resolved": "https://registry.npmjs.org/three-particle-fire/-/three-particle-fire-0.0.0.tgz",
      "integrity": "sha1-0SWuMH4xwfXIo9gNXnFWYTYuXiM="
    }
  },
  "dependencies": {
    "three-particle-fire": {
      "version": "0.0.0",
      "resolved": "https://registry.npmjs.org/three-particle-fire/-/three-particle-fire-0.0.0.tgz",
      "integrity": "sha1-0SWuMH4xwfXIo9gNXnFWYTYuXiM="
    }
  }
}
